dependencies:
- name: kube-prometheus-stack
  repository: https://prometheus-community.github.io/helm-charts
  version: 54.2.2
- name: thanos
  repository: https://neuro-inc.github.io/helm-charts
  version: 0.3.23
- name: grafana
  repository: https://grafana.github.io/helm-charts
  version: 7.0.11
- name: k8s-resources
  repository: https://neuro-inc.github.io/helm-charts
  version: 1.0.1
digest: sha256:f55328481f222588962c69ee8c6c62af8a2f792ba34035c9049e6f87f8431c56
generated: "2024-10-09T08:56:44.606615003+02:00"
